
Microsoft Visual Studio Solution File, Format Version 12.00
# Visual Studio Version 17
VisualStudioVersion = 17.10.34916.146
MinimumVisualStudioVersion = 10.0.40219.1
Project("{FAE04EC0-301F-11D3-BF4B-00C04F79EFBC}") = "BulkyWeb", "BulkyWeb\BulkyWeb.csproj", "{DE1BB2FC-ED8D-46DD-B237-A4F5B484986E}"
EndProject
Global
	GlobalSection(SolutionConfigurationPlatforms) = preSolution
		Debug|Any CPU = Debug|Any CPU
		Release|Any CPU = Release|Any CPU
	EndGlobalSection
	GlobalSection(ProjectConfigurationPlatforms) = postSolution
		{DE1BB2FC-ED8D-46DD-B237-A4F5B484986E}.Debug|Any CPU.ActiveCfg = Debug|Any CPU
		{DE1BB2FC-ED8D-46DD-B237-A4F5B484986E}.Debug|Any CPU.Build.0 = Debug|Any CPU
		{DE1BB2FC-ED8D-46DD-B237-A4F5B484986E}.Release|Any CPU.ActiveCfg = Release|Any CPU
		{DE1BB2FC-ED8D-46DD-B237-A4F5B484986E}.Release|Any CPU.Build.0 = Release|Any CPU
	EndGlobalSection
	GlobalSection(SolutionProperties) = preSolution
		HideSolutionNode = FALSE
	EndGlobalSection
	GlobalSection(ExtensibilityGlobals) = postSolution
		SolutionGuid = {8E7D3122-06F1-4F12-BF79-98CEE41F2EC7}
	EndGlobalSection
EndGlobal
